// !$*UTF8*$!
{
	archiveVersion = 1;
	classes = {
	};
	objectVersion = 56;
	objects = {

/* Begin PBXBuildFile section */
		866D441A2A3366D200A64A2D /* AppDelegate.swift in Sources */ = {isa = PBXBuildFile; fileRef = 866D44192A3366D200A64A2D /* AppDelegate.swift */; };
		866D441C2A3366D200A64A2D /* SceneDelegate.swift in Sources */ = {isa = PBXBuildFile; fileRef = 866D441B2A3366D200A64A2D /* SceneDelegate.swift */; };
		866D441E2A3366D200A64A2D /* ViewController.swift in Sources */ = {isa = PBXBuildFile; fileRef = 866D441D2A3366D200A64A2D /* ViewController.swift */; };
		866D44212A3366D200A64A2D /* Main.storyboard in Resources */ = {isa = PBXBuildFile; fileRef = 866D441F2A3366D200A64A2D /* Main.storyboard */; };
		866D44232A3366D300A64A2D /* Assets.xcassets in Resources */ = {isa = PBXBuildFile; fileRef = 866D44222A3366D300A64A2D /* Assets.xcassets */; };
		866D44262A3366D300A64A2D /* LaunchScreen.storyboard in Resources */ = {isa = PBXBuildFile; fileRef = 866D44242A3366D300A64A2D /* LaunchScreen.storyboard */; };
		866D442F2A3367CC00A64A2D /* Realm in Frameworks */ = {isa = PBXBuildFile; productRef = 866D442E2A3367CC00A64A2D /* Realm */; };
		866D44312A3367CC00A64A2D /* RealmSwift in Frameworks */ = {isa = PBXBuildFile; productRef = 866D44302A3367CC00A64A2D /* RealmSwift */; };
		86CE79FF2A371AD900663854 /* UIColor+App.swift in Sources */ = {isa = PBXBuildFile; fileRef = 86CE79FE2A371AD900663854 /* UIColor+App.swift */; };
		86CE7A012A371AE300663854 /* UIFont+App.swift in Sources */ = {isa = PBXBuildFile; fileRef = 86CE7A002A371AE300663854 /* UIFont+App.swift */; };
		86CE7A032A371AF300663854 /* MainTabBarController.swift in Sources */ = {isa = PBXBuildFile; fileRef = 86CE7A022A371AF300663854 /* MainTabBarController.swift */; };
		86CE7A152A374FA600663854 /* Roboto-Bold.ttf in Resources */ = {isa = PBXBuildFile; fileRef = 86CE7A122A374FA600663854 /* Roboto-Bold.ttf */; };
		86CE7A162A374FA600663854 /* Roboto-Medium.ttf in Resources */ = {isa = PBXBuildFile; fileRef = 86CE7A132A374FA600663854 /* Roboto-Medium.ttf */; };
		86CE7A172A374FA600663854 /* Roboto-Regular.ttf in Resources */ = {isa = PBXBuildFile; fileRef = 86CE7A142A374FA600663854 /* Roboto-Regular.ttf */; };
		86CE7A192A375F2E00663854 /* HomepageViewController.swift in Sources */ = {isa = PBXBuildFile; fileRef = 86CE7A182A375F2E00663854 /* HomepageViewController.swift */; };
		86CE7A1E2A375F7800663854 /* FavoritesViewController.swift in Sources */ = {isa = PBXBuildFile; fileRef = 86CE7A1D2A375F7800663854 /* FavoritesViewController.swift */; };
		86CE7A202A375F9500663854 /* ProfileViewController.swift in Sources */ = {isa = PBXBuildFile; fileRef = 86CE7A1F2A375F9500663854 /* ProfileViewController.swift */; };
		86CE7A262A38A6FA00663854 /* ExploreViewController.swift in Sources */ = {isa = PBXBuildFile; fileRef = 86CE7A252A38A6FA00663854 /* ExploreViewController.swift */; };
/* End PBXBuildFile section */

/* Begin PBXFileReference section */
		866D44162A3366D200A64A2D /* MyMusicApp.app */ = {isa = PBXFileReference; explicitFileType = wrapper.application; includeInIndex = 0; path = MyMusicApp.app; sourceTree = BUILT_PRODUCTS_DIR; };
		866D44192A3366D200A64A2D /* AppDelegate.swift */ = {isa = PBXFileReference; lastKnownFileType = sourcecode.swift; path = AppDelegate.swift; sourceTree = "<group>"; };
		866D441B2A3366D200A64A2D /* SceneDelegate.swift */ = {isa = PBXFileReference; lastKnownFileType = sourcecode.swift; path = SceneDelegate.swift; sourceTree = "<group>"; };
		866D441D2A3366D200A64A2D /* ViewController.swift */ = {isa = PBXFileReference; lastKnownFileType = sourcecode.swift; path = ViewController.swift; sourceTree = "<group>"; };
		866D44202A3366D200A64A2D /* Base */ = {isa = PBXFileReference; lastKnownFileType = file.storyboard; name = Base; path = Base.lproj/Main.storyboard; sourceTree = "<group>"; };
		866D44222A3366D300A64A2D /* Assets.xcassets */ = {isa = PBXFileReference; lastKnownFileType = folder.assetcatalog; path = Assets.xcassets; sourceTree = "<group>"; };
		866D44252A3366D300A64A2D /* Base */ = {isa = PBXFileReference; lastKnownFileType = file.storyboard; name = Base; path = Base.lproj/LaunchScreen.storyboard; sourceTree = "<group>"; };
		866D44272A3366D300A64A2D /* Info.plist */ = {isa = PBXFileReference; lastKnownFileType = text.plist.xml; path = Info.plist; sourceTree = "<group>"; };
		86CE79FE2A371AD900663854 /* UIColor+App.swift */ = {isa = PBXFileReference; lastKnownFileType = sourcecode.swift; path = "UIColor+App.swift"; sourceTree = "<group>"; };
		86CE7A002A371AE300663854 /* UIFont+App.swift */ = {isa = PBXFileReference; lastKnownFileType = sourcecode.swift; path = "UIFont+App.swift"; sourceTree = "<group>"; };
		86CE7A022A371AF300663854 /* MainTabBarController.swift */ = {isa = PBXFileReference; lastKnownFileType = sourcecode.swift; path = MainTabBarController.swift; sourceTree = "<group>"; };
		86CE7A122A374FA600663854 /* Roboto-Bold.ttf */ = {isa = PBXFileReference; lastKnownFileType = file; path = "Roboto-Bold.ttf"; sourceTree = "<group>"; };
		86CE7A132A374FA600663854 /* Roboto-Medium.ttf */ = {isa = PBXFileReference; lastKnownFileType = file; path = "Roboto-Medium.ttf"; sourceTree = "<group>"; };
		86CE7A142A374FA600663854 /* Roboto-Regular.ttf */ = {isa = PBXFileReference; lastKnownFileType = file; path = "Roboto-Regular.ttf"; sourceTree = "<group>"; };
		86CE7A182A375F2E00663854 /* HomepageViewController.swift */ = {isa = PBXFileReference; lastKnownFileType = sourcecode.swift; path = HomepageViewController.swift; sourceTree = "<group>"; };
		86CE7A1D2A375F7800663854 /* FavoritesViewController.swift */ = {isa = PBXFileReference; lastKnownFileType = sourcecode.swift; path = FavoritesViewController.swift; sourceTree = "<group>"; };
		86CE7A1F2A375F9500663854 /* ProfileViewController.swift */ = {isa = PBXFileReference; lastKnownFileType = sourcecode.swift; path = ProfileViewController.swift; sourceTree = "<group>"; };
		86CE7A252A38A6FA00663854 /* ExploreViewController.swift */ = {isa = PBXFileReference; lastKnownFileType = sourcecode.swift; path = ExploreViewController.swift; sourceTree = "<group>"; };
/* End PBXFileReference section */

/* Begin PBXFrameworksBuildPhase section */
		866D44132A3366D200A64A2D /* Frameworks */ = {
			isa = PBXFrameworksBuildPhase;
			buildActionMask = 2147483647;
			files = (
				866D44312A3367CC00A64A2D /* RealmSwift in Frameworks */,
				866D442F2A3367CC00A64A2D /* Realm in Frameworks */,
			);
			runOnlyForDeploymentPostprocessing = 0;
		};
/* End PBXFrameworksBuildPhase section */

/* Begin PBXGroup section */
		866D440D2A3366D200A64A2D = {
			isa = PBXGroup;
			children = (
				866D44182A3366D200A64A2D /* MyMusicApp */,
				866D44172A3366D200A64A2D /* Products */,
			);
			sourceTree = "<group>";
		};
		866D44172A3366D200A64A2D /* Products */ = {
			isa = PBXGroup;
			children = (
				866D44162A3366D200A64A2D /* MyMusicApp.app */,
			);
			name = Products;
			sourceTree = "<group>";
		};
		866D44182A3366D200A64A2D /* MyMusicApp */ = {
			isa = PBXGroup;
			children = (
				86CE79FA2A371A3600663854 /* Modules */,
				86CE79FB2A371A5000663854 /* Common */,
				866D44342A3368AC00A64A2D /* UIConstants */,
				866D44352A3368CC00A64A2D /* Service */,
				866D44322A33687C00A64A2D /* Applecation */,
				866D44272A3366D300A64A2D /* Info.plist */,
			);
			path = MyMusicApp;
			sourceTree = "<group>";
		};
		866D44322A33687C00A64A2D /* Applecation */ = {
			isa = PBXGroup;
			children = (
				86CE7A042A371AFF00663854 /* Fonts */,
				866D44192A3366D200A64A2D /* AppDelegate.swift */,
				866D441B2A3366D200A64A2D /* SceneDelegate.swift */,
				866D441D2A3366D200A64A2D /* ViewController.swift */,
				866D441F2A3366D200A64A2D /* Main.storyboard */,
				866D44222A3366D300A64A2D /* Assets.xcassets */,
				866D44242A3366D300A64A2D /* LaunchScreen.storyboard */,
			);
			path = Applecation;
			sourceTree = "<group>";
		};
		866D44342A3368AC00A64A2D /* UIConstants */ = {
			isa = PBXGroup;
			children = (
				86CE79FE2A371AD900663854 /* UIColor+App.swift */,
				86CE7A002A371AE300663854 /* UIFont+App.swift */,
			);
			path = UIConstants;
			sourceTree = "<group>";
		};
		866D44352A3368CC00A64A2D /* Service */ = {
			isa = PBXGroup;
			children = (
				86CE7A022A371AF300663854 /* MainTabBarController.swift */,
			);
			path = Service;
			sourceTree = "<group>";
		};
		86CE79FA2A371A3600663854 /* Modules */ = {
			isa = PBXGroup;
			children = (
				86CE7A092A374D7100663854 /* Welcome */,
				86CE7A0C2A374D9000663854 /* AuthPage */,
				86CE7A082A371BD400663854 /* HomePage */,
				86CE7A212A38A6B700663854 /* Explore */,
				86CE7A1A2A375F4200663854 /* Favorites */,
				86CE7A0F2A374DB500663854 /* Profile */,
			);
			path = Modules;
			sourceTree = "<group>";
		};
		86CE79FB2A371A5000663854 /* Common */ = {
			isa = PBXGroup;
			children = (
				86CE79FC2A371AA400663854 /* Managers */,
				86CE79FD2A371AA800663854 /* Extensions */,
			);
			path = Common;
			sourceTree = "<group>";
		};
		86CE79FC2A371AA400663854 /* Managers */ = {
			isa = PBXGroup;
			children = (
			);
			path = Managers;
			sourceTree = "<group>";
		};
		86CE79FD2A371AA800663854 /* Extensions */ = {
			isa = PBXGroup;
			children = (
			);
			path = Extensions;
			sourceTree = "<group>";
		};
		86CE7A042A371AFF00663854 /* Fonts */ = {
			isa = PBXGroup;
			children = (
				86CE7A122A374FA600663854 /* Roboto-Bold.ttf */,
				86CE7A132A374FA600663854 /* Roboto-Medium.ttf */,
				86CE7A142A374FA600663854 /* Roboto-Regular.ttf */,
			);
			path = Fonts;
			sourceTree = "<group>";
		};
		86CE7A052A371BB200663854 /* Controllers */ = {
			isa = PBXGroup;
			children = (
				86CE7A182A375F2E00663854 /* HomepageViewController.swift */,
			);
			path = Controllers;
			sourceTree = "<group>";
		};
		86CE7A062A371BC500663854 /* Views */ = {
			isa = PBXGroup;
			children = (
			);
			path = Views;
			sourceTree = "<group>";
		};
		86CE7A072A371BCA00663854 /* Modules */ = {
			isa = PBXGroup;
			children = (
			);
			path = Modules;
			sourceTree = "<group>";
		};
		86CE7A082A371BD400663854 /* HomePage */ = {
			isa = PBXGroup;
			children = (
				86CE7A072A371BCA00663854 /* Modules */,
				86CE7A062A371BC500663854 /* Views */,
				86CE7A052A371BB200663854 /* Controllers */,
			);
			path = HomePage;
			sourceTree = "<group>";
		};
		86CE7A092A374D7100663854 /* Welcome */ = {
			isa = PBXGroup;
			children = (
				86CE7A0B2A374D8600663854 /* Views */,
				86CE7A0A2A374D7700663854 /* Controllers */,
			);
			path = Welcome;
			sourceTree = "<group>";
		};
		86CE7A0A2A374D7700663854 /* Controllers */ = {
			isa = PBXGroup;
			children = (
			);
			path = Controllers;
			sourceTree = "<group>";
		};
		86CE7A0B2A374D8600663854 /* Views */ = {
			isa = PBXGroup;
			children = (
			);
			path = Views;
			sourceTree = "<group>";
		};
		86CE7A0C2A374D9000663854 /* AuthPage */ = {
			isa = PBXGroup;
			children = (
				86CE7A0E2A374DA000663854 /* Views */,
				86CE7A0D2A374D9B00663854 /* Controllers */,
			);
			path = AuthPage;
			sourceTree = "<group>";
		};
		86CE7A0D2A374D9B00663854 /* Controllers */ = {
			isa = PBXGroup;
			children = (
			);
			path = Controllers;
			sourceTree = "<group>";
		};
		86CE7A0E2A374DA000663854 /* Views */ = {
			isa = PBXGroup;
			children = (
			);
			path = Views;
			sourceTree = "<group>";
		};
		86CE7A0F2A374DB500663854 /* Profile */ = {
			isa = PBXGroup;
			children = (
				86CE7A112A374DC400663854 /* Views */,
				86CE7A102A374DC000663854 /* Controllers */,
			);
			path = Profile;
			sourceTree = "<group>";
		};
		86CE7A102A374DC000663854 /* Controllers */ = {
			isa = PBXGroup;
			children = (
				86CE7A1F2A375F9500663854 /* ProfileViewController.swift */,
			);
			path = Controllers;
			sourceTree = "<group>";
		};
		86CE7A112A374DC400663854 /* Views */ = {
			isa = PBXGroup;
			children = (
			);
			path = Views;
			sourceTree = "<group>";
		};
		86CE7A1A2A375F4200663854 /* Favorites */ = {
			isa = PBXGroup;
			children = (
				86CE7A1C2A375F6600663854 /* Views */,
				86CE7A1B2A375F5900663854 /* Controllers */,
			);
			path = Favorites;
			sourceTree = "<group>";
		};
		86CE7A1B2A375F5900663854 /* Controllers */ = {
			isa = PBXGroup;
			children = (
				86CE7A1D2A375F7800663854 /* FavoritesViewController.swift */,
			);
			path = Controllers;
			sourceTree = "<group>";
		};
		86CE7A1C2A375F6600663854 /* Views */ = {
			isa = PBXGroup;
			children = (
			);
			path = Views;
			sourceTree = "<group>";
		};
		86CE7A212A38A6B700663854 /* Explore */ = {
			isa = PBXGroup;
			children = (
				86CE7A242A38A6E100663854 /* Models */,
				86CE7A232A38A6DC00663854 /* Views */,
				86CE7A222A38A6CC00663854 /* Controllers */,
			);
			path = Explore;
			sourceTree = "<group>";
		};
		86CE7A222A38A6CC00663854 /* Controllers */ = {
			isa = PBXGroup;
			children = (
				86CE7A252A38A6FA00663854 /* ExploreViewController.swift */,
			);
			path = Controllers;
			sourceTree = "<group>";
		};
		86CE7A232A38A6DC00663854 /* Views */ = {
			isa = PBXGroup;
			children = (
			);
			path = Views;
			sourceTree = "<group>";
		};
		86CE7A242A38A6E100663854 /* Models */ = {
			isa = PBXGroup;
			children = (
			);
			path = Models;
			sourceTree = "<group>";
		};
/* End PBXGroup section */

/* Begin PBXNativeTarget section */
		866D44152A3366D200A64A2D /* MyMusicApp */ = {
			isa = PBXNativeTarget;
			buildConfigurationList = 866D442A2A3366D300A64A2D /* Build configuration list for PBXNativeTarget "MyMusicApp" */;
			buildPhases = (
				866D44122A3366D200A64A2D /* Sources */,
				866D44132A3366D200A64A2D /* Frameworks */,
				866D44142A3366D200A64A2D /* Resources */,
			);
			buildRules = (
			);
			dependencies = (
			);
			name = MyMusicApp;
			packageProductDependencies = (
				866D442E2A3367CC00A64A2D /* Realm */,
				866D44302A3367CC00A64A2D /* RealmSwift */,
			);
			productName = MyMusicApp;
			productReference = 866D44162A3366D200A64A2D /* MyMusicApp.app */;
			productType = "com.apple.product-type.application";
		};
/* End PBXNativeTarget section */

/* Begin PBXProject section */
		866D440E2A3366D200A64A2D /* Project object */ = {
			isa = PBXProject;
			attributes = {
				BuildIndependentTargetsInParallel = 1;
				LastSwiftUpdateCheck = 1430;
				LastUpgradeCheck = 1430;
				TargetAttributes = {
					866D44152A3366D200A64A2D = {
						CreatedOnToolsVersion = 14.3;
					};
				};
			};
			buildConfigurationList = 866D44112A3366D200A64A2D /* Build configuration list for PBXProject "MyMusicApp" */;
			compatibilityVersion = "Xcode 14.0";
			developmentRegion = en;
			hasScannedForEncodings = 0;
			knownRegions = (
				en,
				Base,
			);
			mainGroup = 866D440D2A3366D200A64A2D;
			packageReferences = (
				866D442D2A3367CC00A64A2D /* XCRemoteSwiftPackageReference "realm-swift" */,
			);
			productRefGroup = 866D44172A3366D200A64A2D /* Products */;
			projectDirPath = "";
			projectRoot = "";
			targets = (
				866D44152A3366D200A64A2D /* MyMusicApp */,
			);
		};
/* End PBXProject section */

/* Begin PBXResourcesBuildPhase section */
		866D44142A3366D200A64A2D /* Resources */ = {
			isa = PBXResourcesBuildPhase;
			buildActionMask = 2147483647;
			files = (
				86CE7A172A374FA600663854 /* Roboto-Regular.ttf in Resources */,
				86CE7A162A374FA600663854 /* Roboto-Medium.ttf in Resources */,
				866D44262A3366D300A64A2D /* LaunchScreen.storyboard in Resources */,
				866D44232A3366D300A64A2D /* Assets.xcassets in Resources */,
				86CE7A152A374FA600663854 /* Roboto-Bold.ttf in Resources */,
				866D44212A3366D200A64A2D /* Main.storyboard in Resources */,
			);
			runOnlyForDeploymentPostprocessing = 0;
		};
/* End PBXResourcesBuildPhase section */

/* Begin PBXSourcesBuildPhase section */
		866D44122A3366D200A64A2D /* Sources */ = {
			isa = PBXSourcesBuildPhase;
			buildActionMask = 2147483647;
			files = (
				866D441E2A3366D200A64A2D /* ViewController.swift in Sources */,
				86CE7A012A371AE300663854 /* UIFont+App.swift in Sources */,
				86CE7A262A38A6FA00663854 /* ExploreViewController.swift in Sources */,
				86CE7A1E2A375F7800663854 /* FavoritesViewController.swift in Sources */,
				86CE79FF2A371AD900663854 /* UIColor+App.swift in Sources */,
				86CE7A192A375F2E00663854 /* HomepageViewController.swift in Sources */,
				86CE7A032A371AF300663854 /* MainTabBarController.swift in Sources */,
				86CE7A202A375F9500663854 /* ProfileViewController.swift in Sources */,
				866D441A2A3366D200A64A2D /* AppDelegate.swift in Sources */,
				866D441C2A3366D200A64A2D /* SceneDelegate.swift in Sources */,
			);
			runOnlyForDeploymentPostprocessing = 0;
		};
/* End PBXSourcesBuildPhase section */

/* Begin PBXVariantGroup section */
		866D441F2A3366D200A64A2D /* Main.storyboard */ = {
			isa = PBXVariantGroup;
			children = (
				866D44202A3366D200A64A2D /* Base */,
			);
			name = Main.storyboard;
			sourceTree = "<group>";
		};
		866D44242A3366D300A64A2D /* LaunchScreen.storyboard */ = {
			isa = PBXVariantGroup;
			children = (
				866D44252A3366D300A64A2D /* Base */,
			);
			name = LaunchScreen.storyboard;
			sourceTree = "<group>";
		};
/* End PBXVariantGroup section */

/* Begin XCBuildConfiguration section */
		866D44282A3366D300A64A2D /* Debug */ = {
			isa = XCBuildConfiguration;
			buildSettings = {
				ALWAYS_SEARCH_USER_PATHS = NO;
				CLANG_ANALYZER_NONNULL = YES;
				CLANG_ANALYZER_NUMBER_OBJECT_CONVERSION = YES_AGGRESSIVE;
				CLANG_CXX_LANGUAGE_STANDARD = "gnu++20";
				CLANG_ENABLE_MODULES = YES;
				CLANG_ENABLE_OBJC_ARC = YES;
				CLANG_ENABLE_OBJC_WEAK = YES;
				CLANG_WARN_BLOCK_CAPTURE_AUTORELEASING = YES;
				CLANG_WARN_BOOL_CONVERSION = YES;
				CLANG_WARN_COMMA = YES;
				CLANG_WARN_CONSTANT_CONVERSION = YES;
				CLANG_WARN_DEPRECATED_OBJC_IMPLEMENTATIONS = YES;
				CLANG_WARN_DIRECT_OBJC_ISA_USAGE = YES_ERROR;
				CLANG_WARN_DOCUMENTATION_COMMENTS = YES;
				CLANG_WARN_EMPTY_BODY = YES;
				CLANG_WARN_ENUM_CONVERSION = YES;
				CLANG_WARN_INFINITE_RECURSION = YES;
				CLANG_WARN_INT_CONVERSION = YES;
				CLANG_WARN_NON_LITERAL_NULL_CONVERSION = YES;
				CLANG_WARN_OBJC_IMPLICIT_RETAIN_SELF = YES;
				CLANG_WARN_OBJC_LITERAL_CONVERSION = YES;
				CLANG_WARN_OBJC_ROOT_CLASS = YES_ERROR;
				CLANG_WARN_QUOTED_INCLUDE_IN_FRAMEWORK_HEADER = YES;
				CLANG_WARN_RANGE_LOOP_ANALYSIS = YES;
				CLANG_WARN_STRICT_PROTOTYPES = YES;
				CLANG_WARN_SUSPICIOUS_MOVE = YES;
				CLANG_WARN_UNGUARDED_AVAILABILITY = YES_AGGRESSIVE;
				CLANG_WARN_UNREACHABLE_CODE = YES;
				CLANG_WARN__DUPLICATE_METHOD_MATCH = YES;
				COPY_PHASE_STRIP = NO;
				DEBUG_INFORMATION_FORMAT = dwarf;
				ENABLE_STRICT_OBJC_MSGSEND = YES;
				ENABLE_TESTABILITY = YES;
				GCC_C_LANGUAGE_STANDARD = gnu11;
				GCC_DYNAMIC_NO_PIC = NO;
				GCC_NO_COMMON_BLOCKS = YES;
				GCC_OPTIMIZATION_LEVEL = 0;
				GCC_PREPROCESSOR_DEFINITIONS = (
					"DEBUG=1",
					"$(inherited)",
				);
				GCC_WARN_64_TO_32_BIT_CONVERSION = YES;
				GCC_WARN_ABOUT_RETURN_TYPE = YES_ERROR;
				GCC_WARN_UNDECLARED_SELECTOR = YES;
				GCC_WARN_UNINITIALIZED_AUTOS = YES_AGGRESSIVE;
				GCC_WARN_UNUSED_FUNCTION = YES;
				GCC_WARN_UNUSED_VARIABLE = YES;
				IPHONEOS_DEPLOYMENT_TARGET = 16.4;
				MTL_ENABLE_DEBUG_INFO = INCLUDE_SOURCE;
				MTL_FAST_MATH = YES;
				ONLY_ACTIVE_ARCH = YES;
				SDKROOT = iphoneos;
				SWIFT_ACTIVE_COMPILATION_CONDITIONS = DEBUG;
				SWIFT_OPTIMIZATION_LEVEL = "-Onone";
			};
			name = Debug;
		};
		866D44292A3366D300A64A2D /* Release */ = {
			isa = XCBuildConfiguration;
			buildSettings = {
				ALWAYS_SEARCH_USER_PATHS = NO;
				CLANG_ANALYZER_NONNULL = YES;
				CLANG_ANALYZER_NUMBER_OBJECT_CONVERSION = YES_AGGRESSIVE;
				CLANG_CXX_LANGUAGE_STANDARD = "gnu++20";
				CLANG_ENABLE_MODULES = YES;
				CLANG_ENABLE_OBJC_ARC = YES;
				CLANG_ENABLE_OBJC_WEAK = YES;
				CLANG_WARN_BLOCK_CAPTURE_AUTORELEASING = YES;
				CLANG_WARN_BOOL_CONVERSION = YES;
				CLANG_WARN_COMMA = YES;
				CLANG_WARN_CONSTANT_CONVERSION = YES;
				CLANG_WARN_DEPRECATED_OBJC_IMPLEMENTATIONS = YES;
				CLANG_WARN_DIRECT_OBJC_ISA_USAGE = YES_ERROR;
				CLANG_WARN_DOCUMENTATION_COMMENTS = YES;
				CLANG_WARN_EMPTY_BODY = YES;
				CLANG_WARN_ENUM_CONVERSION = YES;
				CLANG_WARN_INFINITE_RECURSION = YES;
				CLANG_WARN_INT_CONVERSION = YES;
				CLANG_WARN_NON_LITERAL_NULL_CONVERSION = YES;
				CLANG_WARN_OBJC_IMPLICIT_RETAIN_SELF = YES;
				CLANG_WARN_OBJC_LITERAL_CONVERSION = YES;
				CLANG_WARN_OBJC_ROOT_CLASS = YES_ERROR;
				CLANG_WARN_QUOTED_INCLUDE_IN_FRAMEWORK_HEADER = YES;
				CLANG_WARN_RANGE_LOOP_ANALYSIS = YES;
				CLANG_WARN_STRICT_PROTOTYPES = YES;
				CLANG_WARN_SUSPICIOUS_MOVE = YES;
				CLANG_WARN_UNGUARDED_AVAILABILITY = YES_AGGRESSIVE;
				CLANG_WARN_UNREACHABLE_CODE = YES;
				CLANG_WARN__DUPLICATE_METHOD_MATCH = YES;
				COPY_PHASE_STRIP = NO;
				DEBUG_INFORMATION_FORMAT = "dwarf-with-dsym";
				ENABLE_NS_ASSERTIONS = NO;
				ENABLE_STRICT_OBJC_MSGSEND = YES;
				GCC_C_LANGUAGE_STANDARD = gnu11;
				GCC_NO_COMMON_BLOCKS = YES;
				GCC_WARN_64_TO_32_BIT_CONVERSION = YES;
				GCC_WARN_ABOUT_RETURN_TYPE = YES_ERROR;
				GCC_WARN_UNDECLARED_SELECTOR = YES;
				GCC_WARN_UNINITIALIZED_AUTOS = YES_AGGRESSIVE;
				GCC_WARN_UNUSED_FUNCTION = YES;
				GCC_WARN_UNUSED_VARIABLE = YES;
				IPHONEOS_DEPLOYMENT_TARGET = 16.4;
				MTL_ENABLE_DEBUG_INFO = NO;
				MTL_FAST_MATH = YES;
				SDKROOT = iphoneos;
				SWIFT_COMPILATION_MODE = wholemodule;
				SWIFT_OPTIMIZATION_LEVEL = "-O";
				VALIDATE_PRODUCT = YES;
			};
			name = Release;
		};
		866D442B2A3366D300A64A2D /* Debug */ = {
			isa = XCBuildConfiguration;
			buildSettings = {
				ASSETCATALOG_COMPILER_APPICON_NAME = AppIcon;
				ASSETCATALOG_COMPILER_GLOBAL_ACCENT_COLOR_NAME = AccentColor;
				CODE_SIGN_STYLE = Automatic;
				CURRENT_PROJECT_VERSION = 1;
				DEVELOPMENT_TEAM = 5MT2PBNQ85;
				GENERATE_INFOPLIST_FILE = YES;
				INFOPLIST_FILE = MyMusicApp/Info.plist;
				INFOPLIST_KEY_UIApplicationSupportsIndirectInputEvents = YES;
				INFOPLIST_KEY_UILaunchStoryboardName = LaunchScreen;
				INFOPLIST_KEY_UIMainStoryboardFile = Main;
				INFOPLIST_KEY_UISupportedInterfaceOrientations = UIInterfaceOrientationPortrait;
				INFOPLIST_KEY_UISupportedInterfaceOrientations_iPad = "UIInterfaceOrientationLandscapeLeft UIInterfaceOrientationLandscapeRight UIInterfaceOrientationPortrait UIInterfaceOrientationPortraitUpsideDown";
				IPHONEOS_DEPLOYMENT_TARGET = 15;
				LD_RUNPATH_SEARCH_PATHS = (
					"$(inherited)",
					"@executable_path/Frameworks",
				);
				MARKETING_VERSION = 1.0;
				PRODUCT_BUNDLE_IDENTIFIER = com.zcredi.MyMusicApp;
				PRODUCT_NAME = "$(TARGET_NAME)";
				SUPPORTED_PLATFORMS = "iphoneos iphonesimulator";
				SUPPORTS_MACCATALYST = NO;
				SUPPORTS_MAC_DESIGNED_FOR_IPHONE_IPAD = NO;
				SWIFT_EMIT_LOC_STRINGS = YES;
				SWIFT_VERSION = 5.0;
				TARGETED_DEVICE_FAMILY = 1;
			};
			name = Debug;
		};
		866D442C2A3366D300A64A2D /* Release */ = {
			isa = XCBuildConfiguration;
			buildSettings = {
				ASSETCATALOG_COMPILER_APPICON_NAME = AppIcon;
				ASSETCATALOG_COMPILER_GLOBAL_ACCENT_COLOR_NAME = AccentColor;
				CODE_SIGN_STYLE = Automatic;
				CURRENT_PROJECT_VERSION = 1;
				DEVELOPMENT_TEAM = 5MT2PBNQ85;
				GENERATE_INFOPLIST_FILE = YES;
				INFOPLIST_FILE = MyMusicApp/Info.plist;
				INFOPLIST_KEY_UIApplicationSupportsIndirectInputEvents = YES;
				INFOPLIST_KEY_UILaunchStoryboardName = LaunchScreen;
				INFOPLIST_KEY_UIMainStoryboardFile = Main;
				INFOPLIST_KEY_UISupportedInterfaceOrientations = UIInterfaceOrientationPortrait;
				INFOPLIST_KEY_UISupportedInterfaceOrientations_iPad = "UIInterfaceOrientationLandscapeLeft UIInterfaceOrientationLandscapeRight UIInterfaceOrientationPortrait UIInterfaceOrientationPortraitUpsideDown";
				IPHONEOS_DEPLOYMENT_TARGET = 15;
				LD_RUNPATH_SEARCH_PATHS = (
					"$(inherited)",
					"@executable_path/Frameworks",
				);
				MARKETING_VERSION = 1.0;
				PRODUCT_BUNDLE_IDENTIFIER = com.zcredi.MyMusicApp;
				PRODUCT_NAME = "$(TARGET_NAME)";
				SUPPORTED_PLATFORMS = "iphoneos iphonesimulator";
				SUPPORTS_MACCATALYST = NO;
				SUPPORTS_MAC_DESIGNED_FOR_IPHONE_IPAD = NO;
				SWIFT_EMIT_LOC_STRINGS = YES;
				SWIFT_VERSION = 5.0;
				TARGETED_DEVICE_FAMILY = 1;
			};
			name = Release;
		};
/* End XCBuildConfiguration section */

/* Begin XCConfigurationList section */
		866D44112A3366D200A64A2D /* Build configuration list for PBXProject "MyMusicApp" */ = {
			isa = XCConfigurationList;
			buildConfigurations = (
				866D44282A3366D300A64A2D /* Debug */,
				866D44292A3366D300A64A2D /* Release */,
			);
			defaultConfigurationIsVisible = 0;
			defaultConfigurationName = Release;
		};
		866D442A2A3366D300A64A2D /* Build configuration list for PBXNativeTarget "MyMusicApp" */ = {
			isa = XCConfigurationList;
			buildConfigurations = (
				866D442B2A3366D300A64A2D /* Debug */,
				866D442C2A3366D300A64A2D /* Release */,
			);
			defaultConfigurationIsVisible = 0;
			defaultConfigurationName = Release;
		};
/* End XCConfigurationList section */

/* Begin XCRemoteSwiftPackageReference section */
		866D442D2A3367CC00A64A2D /* XCRemoteSwiftPackageReference "realm-swift" */ = {
			isa = XCRemoteSwiftPackageReference;
			repositoryURL = "https://github.com/realm/realm-swift.git";
			requirement = {
				branch = master;
				kind = branch;
			};
		};
/* End XCRemoteSwiftPackageReference section */

/* Begin XCSwiftPackageProductDependency section */
		866D442E2A3367CC00A64A2D /* Realm */ = {
			isa = XCSwiftPackageProductDependency;
			package = 866D442D2A3367CC00A64A2D /* XCRemoteSwiftPackageReference "realm-swift" */;
			productName = Realm;
		};
		866D44302A3367CC00A64A2D /* RealmSwift */ = {
			isa = XCSwiftPackageProductDependency;
			package = 866D442D2A3367CC00A64A2D /* XCRemoteSwiftPackageReference "realm-swift" */;
			productName = RealmSwift;
		};
/* End XCSwiftPackageProductDependency section */
	};
	rootObject = 866D440E2A3366D200A64A2D /* Project object */;
}
